
Microsoft Visual Studio Solution File, Format Version 12.00
# Visual Studio Version 17
VisualStudioVersion = 17.14.36301.6
MinimumVisualStudioVersion = 10.0.40219.1
Project("{FAE04EC0-301F-11D3-BF4B-00C04F79EFBC}") = "CSE3200.Web", "CSE3200.Web\CSE3200.Web.csproj", "{13D0ECD2-E79C-467A-8005-2B33D9AFBCBE}"
EndProject
Project("{FAE04EC0-301F-11D3-BF4B-00C04F79EFBC}") = "CSE3200.Application", "CSE3200.Application\CSE3200.Application.csproj", "{6B6E31B6-23B5-4907-9196-64002FACCC70}"
EndProject
Project("{FAE04EC0-301F-11D3-BF4B-00C04F79EFBC}") = "CSE3200.Domain", "CSE3200.Domain\CSE3200.Domain.csproj", "{097ABD2F-50D0-4109-9DDB-DF8F3C907DFA}"
EndProject
Project("{FAE04EC0-301F-11D3-BF4B-00C04F79EFBC}") = "CSE3200.Infrastructure", "CSE3200.Infrastructure\CSE3200.Infrastructure.csproj", "{72E4B89C-CD94-440E-948E-1E027E882B08}"
EndProject
Global
	GlobalSection(SolutionConfigurationPlatforms) = preSolution
		Debug|Any CPU = Debug|Any CPU
		Release|Any CPU = Release|Any CPU
	EndGlobalSection
	GlobalSection(ProjectConfigurationPlatforms) = postSolution
		{13D0ECD2-E79C-467A-8005-2B33D9AFBCBE}.Debug|Any CPU.ActiveCfg = Debug|Any CPU
		{13D0ECD2-E79C-467A-8005-2B33D9AFBCBE}.Debug|Any CPU.Build.0 = Debug|Any CPU
		{13D0ECD2-E79C-467A-8005-2B33D9AFBCBE}.Release|Any CPU.ActiveCfg = Release|Any CPU
		{13D0ECD2-E79C-467A-8005-2B33D9AFBCBE}.Release|Any CPU.Build.0 = Release|Any CPU
		{6B6E31B6-23B5-4907-9196-64002FACCC70}.Debug|Any CPU.ActiveCfg = Debug|Any CPU
		{6B6E31B6-23B5-4907-9196-64002FACCC70}.Debug|Any CPU.Build.0 = Debug|Any CPU
		{6B6E31B6-23B5-4907-9196-64002FACCC70}.Release|Any CPU.ActiveCfg = Release|Any CPU
		{6B6E31B6-23B5-4907-9196-64002FACCC70}.Release|Any CPU.Build.0 = Release|Any CPU
		{097ABD2F-50D0-4109-9DDB-DF8F3C907DFA}.Debug|Any CPU.ActiveCfg = Debug|Any CPU
		{097ABD2F-50D0-4109-9DDB-DF8F3C907DFA}.Debug|Any CPU.Build.0 = Debug|Any CPU
		{097ABD2F-50D0-4109-9DDB-DF8F3C907DFA}.Release|Any CPU.ActiveCfg = Release|Any CPU
		{097ABD2F-50D0-4109-9DDB-DF8F3C907DFA}.Release|Any CPU.Build.0 = Release|Any CPU
		{72E4B89C-CD94-440E-948E-1E027E882B08}.Debug|Any CPU.ActiveCfg = Debug|Any CPU
		{72E4B89C-CD94-440E-948E-1E027E882B08}.Debug|Any CPU.Build.0 = Debug|Any CPU
		{72E4B89C-CD94-440E-948E-1E027E882B08}.Release|Any CPU.ActiveCfg = Release|Any CPU
		{72E4B89C-CD94-440E-948E-1E027E882B08}.Release|Any CPU.Build.0 = Release|Any CPU
	EndGlobalSection
	GlobalSection(SolutionProperties) = preSolution
		HideSolutionNode = FALSE
	EndGlobalSection
	GlobalSection(ExtensibilityGlobals) = postSolution
		SolutionGuid = {CB09EE87-DBC7-4388-9FC2-9B3DD13F6B70}
	EndGlobalSection
EndGlobal
